// !$*UTF8*$!
{
	archiveVersion = 1;
	classes = {
	};
	objectVersion = 46;
	objects = {

/* Begin PBXBuildFile section */
		2F2ED6E71A7052CE0065BA3D /* UserCell.swift in Sources */ = {isa = PBXBuildFile; fileRef = 2F2ED6E61A7052CE0065BA3D /* UserCell.swift */; };
		2F2ED6E91A7068330065BA3D /* UserDetailViewController.swift in Sources */ = {isa = PBXBuildFile; fileRef = 2F2ED6E81A7068330065BA3D /* UserDetailViewController.swift */; };
		2F2ED6EB1A706C950065BA3D /* ToUserDetailAnimationController.swift in Sources */ = {isa = PBXBuildFile; fileRef = 2F2ED6EA1A706C950065BA3D /* ToUserDetailAnimationController.swift */; };
		2F389B3C1A71A470001BE4C0 /* WebViewController.swift in Sources */ = {isa = PBXBuildFile; fileRef = 2F389B3B1A71A470001BE4C0 /* WebViewController.swift */; };
		2F389B3E1A71A5DB001BE4C0 /* Extensions.swift in Sources */ = {isa = PBXBuildFile; fileRef = 2F389B3D1A71A5DB001BE4C0 /* Extensions.swift */; };
		2F6D62C01A6DA66C00808674 /* AppDelegate.swift in Sources */ = {isa = PBXBuildFile; fileRef = 2F6D62BF1A6DA66C00808674 /* AppDelegate.swift */; };
		2F6D62C51A6DA66C00808674 /* Main.storyboard in Resources */ = {isa = PBXBuildFile; fileRef = 2F6D62C31A6DA66C00808674 /* Main.storyboard */; };
		2F6D62C71A6DA66C00808674 /* Images.xcassets in Resources */ = {isa = PBXBuildFile; fileRef = 2F6D62C61A6DA66C00808674 /* Images.xcassets */; };
		2F6D62CA1A6DA66C00808674 /* LaunchScreen.xib in Resources */ = {isa = PBXBuildFile; fileRef = 2F6D62C81A6DA66C00808674 /* LaunchScreen.xib */; };
		2F6D62D61A6DA66C00808674 /* GitClientTests.swift in Sources */ = {isa = PBXBuildFile; fileRef = 2F6D62D51A6DA66C00808674 /* GitClientTests.swift */; };
		2F6D62E01A6DA6F300808674 /* Repository.swift in Sources */ = {isa = PBXBuildFile; fileRef = 2F6D62DF1A6DA6F300808674 /* Repository.swift */; };
		2F6D62E71A6DA9A900808674 /* MenuTableViewController.swift in Sources */ = {isa = PBXBuildFile; fileRef = 2F6D62E61A6DA9A900808674 /* MenuTableViewController.swift */; };
		2F6D62E91A6DAD3200808674 /* NetworkViewController.swift in Sources */ = {isa = PBXBuildFile; fileRef = 2F6D62E81A6DAD3200808674 /* NetworkViewController.swift */; };
		2F6D62EB1A6DB2F300808674 /* SearchRepositoriesViewController.swift in Sources */ = {isa = PBXBuildFile; fileRef = 2F6D62EA1A6DB2F300808674 /* SearchRepositoriesViewController.swift */; };
		2FB0602A1A704A0500AF7DD0 /* User.swift in Sources */ = {isa = PBXBuildFile; fileRef = 2FB060291A704A0500AF7DD0 /* User.swift */; };
		2FB0602C1A704B7A00AF7DD0 /* SearchUsersViewController.swift in Sources */ = {isa = PBXBuildFile; fileRef = 2FB0602B1A704B7A00AF7DD0 /* SearchUsersViewController.swift */; };
		2FCEAB0B1A6EB5470016D98E /* server.js in Resources */ = {isa = PBXBuildFile; fileRef = 2FCEAB0A1A6EB5470016D98E /* server.js */; };
/* End PBXBuildFile section */

/* Begin PBXContainerItemProxy section */
		2F6D62D01A6DA66C00808674 /* PBXContainerItemProxy */ = {
			isa = PBXContainerItemProxy;
			containerPortal = 2F6D62B21A6DA66C00808674 /* Project object */;
			proxyType = 1;
			remoteGlobalIDString = 2F6D62B91A6DA66C00808674;
			remoteInfo = GitClient;
		};
/* End PBXContainerItemProxy section */

/* Begin PBXFileReference section */
		2F2ED6E61A7052CE0065BA3D /* UserCell.swift */ = {isa = PBXFileReference; fileEncoding = 4; lastKnownFileType = sourcecode.swift; path = UserCell.swift; sourceTree = "<group>"; };
		2F2ED6E81A7068330065BA3D /* UserDetailViewController.swift */ = {isa = PBXFileReference; fileEncoding = 4; lastKnownFileType = sourcecode.swift; path = UserDetailViewController.swift; sourceTree = "<group>"; };
		2F2ED6EA1A706C950065BA3D /* ToUserDetailAnimationController.swift */ = {isa = PBXFileReference; fileEncoding = 4; lastKnownFileType = sourcecode.swift; path = ToUserDetailAnimationController.swift; sourceTree = "<group>"; };
		2F389B3B1A71A470001BE4C0 /* WebViewController.swift */ = {isa = PBXFileReference; fileEncoding = 4; lastKnownFileType = sourcecode.swift; path = WebViewController.swift; sourceTree = "<group>"; };
		2F389B3D1A71A5DB001BE4C0 /* Extensions.swift */ = {isa = PBXFileReference; fileEncoding = 4; lastKnownFileType = sourcecode.swift; path = Extensions.swift; sourceTree = "<group>"; };
		2F6D62BA1A6DA66C00808674 /* GitClient.app */ = {isa = PBXFileReference; explicitFileType = wrapper.application; includeInIndex = 0; path = GitClient.app; sourceTree = BUILT_PRODUCTS_DIR; };
		2F6D62BE1A6DA66C00808674 /* Info.plist */ = {isa = PBXFileReference; lastKnownFileType = text.plist.xml; path = Info.plist; sourceTree = "<group>"; };
		2F6D62BF1A6DA66C00808674 /* AppDelegate.swift */ = {isa = PBXFileReference; lastKnownFileType = sourcecode.swift; path = AppDelegate.swift; sourceTree = "<group>"; };
		2F6D62C41A6DA66C00808674 /* Base */ = {isa = PBXFileReference; lastKnownFileType = file.storyboard; name = Base; path = Base.lproj/Main.storyboard; sourceTree = "<group>"; };
		2F6D62C61A6DA66C00808674 /* Images.xcassets */ = {isa = PBXFileReference; lastKnownFileType = folder.assetcatalog; path = Images.xcassets; sourceTree = "<group>"; };
		2F6D62C91A6DA66C00808674 /* Base */ = {isa = PBXFileReference; lastKnownFileType = file.xib; name = Base; path = Base.lproj/LaunchScreen.xib; sourceTree = "<group>"; };
		2F6D62CF1A6DA66C00808674 /* GitClientTests.xctest */ = {isa = PBXFileReference; explicitFileType = wrapper.cfbundle; includeInIndex = 0; path = GitClientTests.xctest; sourceTree = BUILT_PRODUCTS_DIR; };
		2F6D62D41A6DA66C00808674 /* Info.plist */ = {isa = PBXFileReference; lastKnownFileType = text.plist.xml; path = Info.plist; sourceTree = "<group>"; };
		2F6D62D51A6DA66C00808674 /* GitClientTests.swift */ = {isa = PBXFileReference; lastKnownFileType = sourcecode.swift; path = GitClientTests.swift; sourceTree = "<group>"; };
		2F6D62DF1A6DA6F300808674 /* Repository.swift */ = {isa = PBXFileReference; fileEncoding = 4; lastKnownFileType = sourcecode.swift; name = Repository.swift; path = ../Repository.swift; sourceTree = "<group>"; };
		2F6D62E61A6DA9A900808674 /* MenuTableViewController.swift */ = {isa = PBXFileReference; fileEncoding = 4; lastKnownFileType = sourcecode.swift; name = MenuTableViewController.swift; path = ../MenuTableViewController.swift; sourceTree = "<group>"; };
		2F6D62E81A6DAD3200808674 /* NetworkViewController.swift */ = {isa = PBXFileReference; fileEncoding = 4; lastKnownFileType = sourcecode.swift; name = NetworkViewController.swift; path = ../NetworkViewController.swift; sourceTree = "<group>"; };
		2F6D62EA1A6DB2F300808674 /* SearchRepositoriesViewController.swift */ = {isa = PBXFileReference; fileEncoding = 4; lastKnownFileType = sourcecode.swift; path = SearchRepositoriesViewController.swift; sourceTree = "<group>"; };
		2FB060291A704A0500AF7DD0 /* User.swift */ = {isa = PBXFileReference; fileEncoding = 4; lastKnownFileType = sourcecode.swift; path = User.swift; sourceTree = "<group>"; };
		2FB0602B1A704B7A00AF7DD0 /* SearchUsersViewController.swift */ = {isa = PBXFileReference; fileEncoding = 4; lastKnownFileType = sourcecode.swift; path = SearchUsersViewController.swift; sourceTree = "<group>"; };
		2FCEAB0A1A6EB5470016D98E /* server.js */ = {isa = PBXFileReference; fileEncoding = 4; lastKnownFileType = sourcecode.javascript; path = server.js; sourceTree = "<group>"; };
/* End PBXFileReference section */

/* Begin PBXFrameworksBuildPhase section */
		2F6D62B71A6DA66C00808674 /* Frameworks */ = {
			isa = PBXFrameworksBuildPhase;
			buildActionMask = 2147483647;
			files = (
			);
			runOnlyForDeploymentPostprocessing = 0;
		};
		2F6D62CC1A6DA66C00808674 /* Frameworks */ = {
			isa = PBXFrameworksBuildPhase;
			buildActionMask = 2147483647;
			files = (
			);
			runOnlyForDeploymentPostprocessing = 0;
		};
/* End PBXFrameworksBuildPhase section */

/* Begin PBXGroup section */
		2F6D62B11A6DA66C00808674 = {
			isa = PBXGroup;
			children = (
				2F6D62BC1A6DA66C00808674 /* GitClient */,
				2F6D62D21A6DA66C00808674 /* GitClientTests */,
				2F6D62BB1A6DA66C00808674 /* Products */,
			);
			sourceTree = "<group>";
		};
		2F6D62BB1A6DA66C00808674 /* Products */ = {
			isa = PBXGroup;
			children = (
				2F6D62BA1A6DA66C00808674 /* GitClient.app */,
				2F6D62CF1A6DA66C00808674 /* GitClientTests.xctest */,
			);
			name = Products;
			sourceTree = "<group>";
		};
		2F6D62BC1A6DA66C00808674 /* GitClient */ = {
			isa = PBXGroup;
			children = (
				2FCEAB0A1A6EB5470016D98E /* server.js */,
				2F6D62E11A6DA70000808674 /* Model */,
				2F6D62E21A6DA70900808674 /* View */,
				2F6D62E31A6DA71100808674 /* Controller */,
				2F6D62BF1A6DA66C00808674 /* AppDelegate.swift */,
				2F6D62C31A6DA66C00808674 /* Main.storyboard */,
				2F6D62C61A6DA66C00808674 /* Images.xcassets */,
				2F6D62C81A6DA66C00808674 /* LaunchScreen.xib */,
				2F6D62BD1A6DA66C00808674 /* Supporting Files */,
			);
			path = GitClient;
			sourceTree = "<group>";
		};
		2F6D62BD1A6DA66C00808674 /* Supporting Files */ = {
			isa = PBXGroup;
			children = (
				2F6D62BE1A6DA66C00808674 /* Info.plist */,
			);
			name = "Supporting Files";
			sourceTree = "<group>";
		};
		2F6D62D21A6DA66C00808674 /* GitClientTests */ = {
			isa = PBXGroup;
			children = (
				2F6D62D51A6DA66C00808674 /* GitClientTests.swift */,
				2F6D62D31A6DA66C00808674 /* Supporting Files */,
			);
			path = GitClientTests;
			sourceTree = "<group>";
		};
		2F6D62D31A6DA66C00808674 /* Supporting Files */ = {
			isa = PBXGroup;
			children = (
				2F6D62D41A6DA66C00808674 /* Info.plist */,
			);
			name = "Supporting Files";
			sourceTree = "<group>";
		};
		2F6D62E11A6DA70000808674 /* Model */ = {
			isa = PBXGroup;
			children = (
				2F6D62DF1A6DA6F300808674 /* Repository.swift */,
				2FB060291A704A0500AF7DD0 /* User.swift */,
				2F2ED6E61A7052CE0065BA3D /* UserCell.swift */,
				2F389B3D1A71A5DB001BE4C0 /* Extensions.swift */,
			);
			name = Model;
			sourceTree = "<group>";
		};
		2F6D62E21A6DA70900808674 /* View */ = {
			isa = PBXGroup;
			children = (
			);
			name = View;
			sourceTree = "<group>";
		};
		2F6D62E31A6DA71100808674 /* Controller */ = {
			isa = PBXGroup;
			children = (
				2F6D62EA1A6DB2F300808674 /* SearchRepositoriesViewController.swift */,
				2F6D62E81A6DAD3200808674 /* NetworkViewController.swift */,
				2F6D62E61A6DA9A900808674 /* MenuTableViewController.swift */,
				2FB0602B1A704B7A00AF7DD0 /* SearchUsersViewController.swift */,
				2F2ED6E81A7068330065BA3D /* UserDetailViewController.swift */,
				2F2ED6EA1A706C950065BA3D /* ToUserDetailAnimationController.swift */,
				2F389B3B1A71A470001BE4C0 /* WebViewController.swift */,
			);
			name = Controller;
			sourceTree = "<group>";
		};
/* End PBXGroup section */

/* Begin PBXNativeTarget section */
		2F6D62B91A6DA66C00808674 /* GitClient */ = {
			isa = PBXNativeTarget;
			buildConfigurationList = 2F6D62D91A6DA66C00808674 /* Build configuration list for PBXNativeTarget "GitClient" */;
			buildPhases = (
				2F6D62B61A6DA66C00808674 /* Sources */,
				2F6D62B71A6DA66C00808674 /* Frameworks */,
				2F6D62B81A6DA66C00808674 /* Resources */,
			);
			buildRules = (
			);
			dependencies = (
			);
			name = GitClient;
			productName = GitClient;
			productReference = 2F6D62BA1A6DA66C00808674 /* GitClient.app */;
			productType = "com.apple.product-type.application";
		};
		2F6D62CE1A6DA66C00808674 /* GitClientTests */ = {
			isa = PBXNativeTarget;
			buildConfigurationList = 2F6D62DC1A6DA66C00808674 /* Build configuration list for PBXNativeTarget "GitClientTests" */;
			buildPhases = (
				2F6D62CB1A6DA66C00808674 /* Sources */,
				2F6D62CC1A6DA66C00808674 /* Frameworks */,
				2F6D62CD1A6DA66C00808674 /* Resources */,
			);
			buildRules = (
			);
			dependencies = (
				2F6D62D11A6DA66C00808674 /* PBXTargetDependency */,
			);
			name = GitClientTests;
			productName = GitClientTests;
			productReference = 2F6D62CF1A6DA66C00808674 /* GitClientTests.xctest */;
			productType = "com.apple.product-type.bundle.unit-test";
		};
/* End PBXNativeTarget section */

/* Begin PBXProject section */
		2F6D62B21A6DA66C00808674 /* Project object */ = {
			isa = PBXProject;
			attributes = {
				LastUpgradeCheck = 0610;
				ORGANIZATIONNAME = "John Leonard";
				TargetAttributes = {
					2F6D62B91A6DA66C00808674 = {
						CreatedOnToolsVersion = 6.1.1;
					};
					2F6D62CE1A6DA66C00808674 = {
						CreatedOnToolsVersion = 6.1.1;
						TestTargetID = 2F6D62B91A6DA66C00808674;
					};
				};
			};
			buildConfigurationList = 2F6D62B51A6DA66C00808674 /* Build configuration list for PBXProject "GitClient" */;
			compatibilityVersion = "Xcode 3.2";
			developmentRegion = English;
			hasScannedForEncodings = 0;
			knownRegions = (
				en,
				Base,
			);
			mainGroup = 2F6D62B11A6DA66C00808674;
			productRefGroup = 2F6D62BB1A6DA66C00808674 /* Products */;
			projectDirPath = "";
			projectRoot = "";
			targets = (
				2F6D62B91A6DA66C00808674 /* GitClient */,
				2F6D62CE1A6DA66C00808674 /* GitClientTests */,
			);
		};
/* End PBXProject section */

/* Begin PBXResourcesBuildPhase section */
		2F6D62B81A6DA66C00808674 /* Resources */ = {
			isa = PBXResourcesBuildPhase;
			buildActionMask = 2147483647;
			files = (
				2F6D62C51A6DA66C00808674 /* Main.storyboard in Resources */,
				2F6D62CA1A6DA66C00808674 /* LaunchScreen.xib in Resources */,
				2F6D62C71A6DA66C00808674 /* Images.xcassets in Resources */,
				2FCEAB0B1A6EB5470016D98E /* server.js in Resources */,
			);
			runOnlyForDeploymentPostprocessing = 0;
		};
		2F6D62CD1A6DA66C00808674 /* Resources */ = {
			isa = PBXResourcesBuildPhase;
			buildActionMask = 2147483647;
			files = (
			);
			runOnlyForDeploymentPostprocessing = 0;
		};
/* End PBXResourcesBuildPhase section */

/* Begin PBXSourcesBuildPhase section */
		2F6D62B61A6DA66C00808674 /* Sources */ = {
			isa = PBXSourcesBuildPhase;
			buildActionMask = 2147483647;
			files = (
				2F2ED6E71A7052CE0065BA3D /* UserCell.swift in Sources */,
				2F389B3C1A71A470001BE4C0 /* WebViewController.swift in Sources */,
				2F6D62E71A6DA9A900808674 /* MenuTableViewController.swift in Sources */,
				2F2ED6E91A7068330065BA3D /* UserDetailViewController.swift in Sources */,
				2F6D62C01A6DA66C00808674 /* AppDelegate.swift in Sources */,
				2FB0602A1A704A0500AF7DD0 /* User.swift in Sources */,
				2F6D62E01A6DA6F300808674 /* Repository.swift in Sources */,
				2F389B3E1A71A5DB001BE4C0 /* Extensions.swift in Sources */,
				2FB0602C1A704B7A00AF7DD0 /* SearchUsersViewController.swift in Sources */,
				2F6D62EB1A6DB2F300808674 /* SearchRepositoriesViewController.swift in Sources */,
				2F6D62E91A6DAD3200808674 /* NetworkViewController.swift in Sources */,
				2F2ED6EB1A706C950065BA3D /* ToUserDetailAnimationController.swift in Sources */,
			);
			runOnlyForDeploymentPostprocessing = 0;
		};
		2F6D62CB1A6DA66C00808674 /* Sources */ = {
			isa = PBXSourcesBuildPhase;
			buildActionMask = 2147483647;
			files = (
				2F6D62D61A6DA66C00808674 /* GitClientTests.swift in Sources */,
			);
			runOnlyForDeploymentPostprocessing = 0;
		};
/* End PBXSourcesBuildPhase section */

/* Begin PBXTargetDependency section */
		2F6D62D11A6DA66C00808674 /* PBXTargetDependency */ = {
			isa = PBXTargetDependency;
			target = 2F6D62B91A6DA66C00808674 /* GitClient */;
			targetProxy = 2F6D62D01A6DA66C00808674 /* PBXContainerItemProxy */;
		};
/* End PBXTargetDependency section */

/* Begin PBXVariantGroup section */
		2F6D62C31A6DA66C00808674 /* Main.storyboard */ = {
			isa = PBXVariantGroup;
			children = (
				2F6D62C41A6DA66C00808674 /* Base */,
			);
			name = Main.storyboard;
			sourceTree = "<group>";
		};
		2F6D62C81A6DA66C00808674 /* LaunchScreen.xib */ = {
			isa = PBXVariantGroup;
			children = (
				2F6D62C91A6DA66C00808674 /* Base */,
			);
			name = LaunchScreen.xib;
			sourceTree = "<group>";
		};
/* End PBXVariantGroup section */

/* Begin XCBuildConfiguration section */
		2F6D62D71A6DA66C00808674 /* Debug */ = {
			isa = XCBuildConfiguration;
			buildSettings = {
				ALWAYS_SEARCH_USER_PATHS = NO;
				CLANG_CXX_LANGUAGE_STANDARD = "gnu++0x";
				CLANG_CXX_LIBRARY = "libc++";
				CLANG_ENABLE_MODULES = YES;
				CLANG_ENABLE_OBJC_ARC = YES;
				CLANG_WARN_BOOL_CONVERSION = YES;
				CLANG_WARN_CONSTANT_CONVERSION = YES;
				CLANG_WARN_DIRECT_OBJC_ISA_USAGE = YES_ERROR;
				CLANG_WARN_EMPTY_BODY = YES;
				CLANG_WARN_ENUM_CONVERSION = YES;
				CLANG_WARN_INT_CONVERSION = YES;
				CLANG_WARN_OBJC_ROOT_CLASS = YES_ERROR;
				CLANG_WARN_UNREACHABLE_CODE = YES;
				CLANG_WARN__DUPLICATE_METHOD_MATCH = YES;
				"CODE_SIGN_IDENTITY[sdk=iphoneos*]" = "iPhone Developer";
				COPY_PHASE_STRIP = NO;
				ENABLE_STRICT_OBJC_MSGSEND = YES;
				GCC_C_LANGUAGE_STANDARD = gnu99;
				GCC_DYNAMIC_NO_PIC = NO;
				GCC_OPTIMIZATION_LEVEL = 0;
				GCC_PREPROCESSOR_DEFINITIONS = (
					"DEBUG=1",
					"$(inherited)",
				);
				GCC_SYMBOLS_PRIVATE_EXTERN = NO;
				GCC_WARN_64_TO_32_BIT_CONVERSION = YES;
				GCC_WARN_ABOUT_RETURN_TYPE = YES_ERROR;
				GCC_WARN_UNDECLARED_SELECTOR = YES;
				GCC_WARN_UNINITIALIZED_AUTOS = YES_AGGRESSIVE;
				GCC_WARN_UNUSED_FUNCTION = YES;
				GCC_WARN_UNUSED_VARIABLE = YES;
				IPHONEOS_DEPLOYMENT_TARGET = 8.1;
				MTL_ENABLE_DEBUG_INFO = YES;
				ONLY_ACTIVE_ARCH = YES;
				SDKROOT = iphoneos;
				SWIFT_OPTIMIZATION_LEVEL = "-Onone";
				TARGETED_DEVICE_FAMILY = "1,2";
			};
			name = Debug;
		};
		2F6D62D81A6DA66C00808674 /* Release */ = {
			isa = XCBuildConfiguration;
			buildSettings = {
				ALWAYS_SEARCH_USER_PATHS = NO;
				CLANG_CXX_LANGUAGE_STANDARD = "gnu++0x";
				CLANG_CXX_LIBRARY = "libc++";
				CLANG_ENABLE_MODULES = YES;
				CLANG_ENABLE_OBJC_ARC = YES;
				CLANG_WARN_BOOL_CONVERSION = YES;
				CLANG_WARN_CONSTANT_CONVERSION = YES;
				CLANG_WARN_DIRECT_OBJC_ISA_USAGE = YES_ERROR;
				CLANG_WARN_EMPTY_BODY = YES;
				CLANG_WARN_ENUM_CONVERSION = YES;
				CLANG_WARN_INT_CONVERSION = YES;
				CLANG_WARN_OBJC_ROOT_CLASS = YES_ERROR;
				CLANG_WARN_UNREACHABLE_CODE = YES;
				CLANG_WARN__DUPLICATE_METHOD_MATCH = YES;
				"CODE_SIGN_IDENTITY[sdk=iphoneos*]" = "iPhone Developer";
				COPY_PHASE_STRIP = YES;
				ENABLE_NS_ASSERTIONS = NO;
				ENABLE_STRICT_OBJC_MSGSEND = YES;
				GCC_C_LANGUAGE_STANDARD = gnu99;
				GCC_WARN_64_TO_32_BIT_CONVERSION = YES;
				GCC_WARN_ABOUT_RETURN_TYPE = YES_ERROR;
				GCC_WARN_UNDECLARED_SELECTOR = YES;
				GCC_WARN_UNINITIALIZED_AUTOS = YES_AGGRESSIVE;
				GCC_WARN_UNUSED_FUNCTION = YES;
				GCC_WARN_UNUSED_VARIABLE = YES;
				IPHONEOS_DEPLOYMENT_TARGET = 8.1;
				MTL_ENABLE_DEBUG_INFO = NO;
				SDKROOT = iphoneos;
				TARGETED_DEVICE_FAMILY = "1,2";
				VALIDATE_PRODUCT = YES;
			};
			name = Release;
		};
		2F6D62DA1A6DA66C00808674 /* Debug */ = {
			isa = XCBuildConfiguration;
			buildSettings = {
				ASSETCATALOG_COMPILER_APPICON_NAME = AppIcon;
				INFOPLIST_FILE = GitClient/Info.plist;
				LD_RUNPATH_SEARCH_PATHS = "$(inherited) @executable_path/Frameworks";
				PRODUCT_NAME = "$(TARGET_NAME)";
			};
			name = Debug;
		};
		2F6D62DB1A6DA66C00808674 /* Release */ = {
			isa = XCBuildConfiguration;
			buildSettings = {
				ASSETCATALOG_COMPILER_APPICON_NAME = AppIcon;
				INFOPLIST_FILE = GitClient/Info.plist;
				LD_RUNPATH_SEARCH_PATHS = "$(inherited) @executable_path/Frameworks";
				PRODUCT_NAME = "$(TARGET_NAME)";
			};
			name = Release;
		};
		2F6D62DD1A6DA66C00808674 /* Debug */ = {
			isa = XCBuildConfiguration;
			buildSettings = {
				BUNDLE_LOADER = "$(TEST_HOST)";
				FRAMEWORK_SEARCH_PATHS = (
					"$(SDKROOT)/Developer/Library/Frameworks",
					"$(inherited)",
				);
				GCC_PREPROCESSOR_DEFINITIONS = (
					"DEBUG=1",
					"$(inherited)",
				);
				INFOPLIST_FILE = GitClientTests/Info.plist;
				LD_RUNPATH_SEARCH_PATHS = "$(inherited) @executable_path/Frameworks @loader_path/Frameworks";
				PRODUCT_NAME = "$(TARGET_NAME)";
				TEST_HOST = "$(BUILT_PRODUCTS_DIR)/GitClient.app/GitClient";
			};
			name = Debug;
		};
		2F6D62DE1A6DA66C00808674 /* Release */ = {
			isa = XCBuildConfiguration;
			buildSettings = {
				BUNDLE_LOADER = "$(TEST_HOST)";
				FRAMEWORK_SEARCH_PATHS = (
					"$(SDKROOT)/Developer/Library/Frameworks",
					"$(inherited)",
				);
				INFOPLIST_FILE = GitClientTests/Info.plist;
				LD_RUNPATH_SEARCH_PATHS = "$(inherited) @executable_path/Frameworks @loader_path/Frameworks";
				PRODUCT_NAME = "$(TARGET_NAME)";
				TEST_HOST = "$(BUILT_PRODUCTS_DIR)/GitClient.app/GitClient";
			};
			name = Release;
		};
/* End XCBuildConfiguration section */

/* Begin XCConfigurationList section */
		2F6D62B51A6DA66C00808674 /* Build configuration list for PBXProject "GitClient" */ = {
			isa = XCConfigurationList;
			buildConfigurations = (
				2F6D62D71A6DA66C00808674 /* Debug */,
				2F6D62D81A6DA66C00808674 /* Release */,
			);
			defaultConfigurationIsVisible = 0;
			defaultConfigurationName = Release;
		};
		2F6D62D91A6DA66C00808674 /* Build configuration list for PBXNativeTarget "GitClient" */ = {
			isa = XCConfigurationList;
			buildConfigurations = (
				2F6D62DA1A6DA66C00808674 /* Debug */,
				2F6D62DB1A6DA66C00808674 /* Release */,
			);
			defaultConfigurationIsVisible = 0;
			defaultConfigurationName = Release;
		};
		2F6D62DC1A6DA66C00808674 /* Build configuration list for PBXNativeTarget "GitClientTests" */ = {
			isa = XCConfigurationList;
			buildConfigurations = (
				2F6D62DD1A6DA66C00808674 /* Debug */,
				2F6D62DE1A6DA66C00808674 /* Release */,
			);
			defaultConfigurationIsVisible = 0;
			defaultConfigurationName = Release;
		};
/* End XCConfigurationList section */
	};
	rootObject = 2F6D62B21A6DA66C00808674 /* Project object */;
}
